
Microsoft Visual Studio Solution File, Format Version 12.00
# Visual Studio 15
VisualStudioVersion = 15.0.27703.2035
MinimumVisualStudioVersion = 10.0.40219.1
Project("{FAE04EC0-301F-11D3-BF4B-00C04F79EFBC}") = "EJC.Blazor.Geolocation", "EJC.Blazor.Geolocation\EJC.Blazor.Geolocation.csproj", "{3DD44076-72B7-4D9B-8874-919DA666A6B9}"
EndProject
Global
	GlobalSection(SolutionConfigurationPlatforms) = preSolution
		Debug|Any CPU = Debug|Any CPU
		Release|Any CPU = Release|Any CPU
	EndGlobalSection
	GlobalSection(ProjectConfigurationPlatforms) = postSolution
		{3DD44076-72B7-4D9B-8874-919DA666A6B9}.Debug|Any CPU.ActiveCfg = Debug|Any CPU
		{3DD44076-72B7-4D9B-8874-919DA666A6B9}.Debug|Any CPU.Build.0 = Debug|Any CPU
		{3DD44076-72B7-4D9B-8874-919DA666A6B9}.Release|Any CPU.ActiveCfg = Release|Any CPU
		{3DD44076-72B7-4D9B-8874-919DA666A6B9}.Release|Any CPU.Build.0 = Release|Any CPU
	EndGlobalSection
	GlobalSection(SolutionProperties) = preSolution
		HideSolutionNode = FALSE
	EndGlobalSection
	GlobalSection(ExtensibilityGlobals) = postSolution
		SolutionGuid = {EB15CF8D-DF14-42FF-B4FF-94E3A2E120FF}
	EndGlobalSection
EndGlobal
